// !$*UTF8*$!
{ archiveVersion = 1; classes = {}; objectVersion = 60; objects = {
59EA30D499550C9C7C628483 = { isa = PBXFileReference; lastKnownFileType = sourcecode.swift; path = "HomeControl/App/HomeControlApp.swift"; sourceTree = SOURCE_ROOT; };
5C7DE09C0E5A1169EDA92A74 = { isa = PBXBuildFile; fileRef = 59EA30D499550C9C7C628483; };
0E42C54032DCEBC73DBC48BD = { isa = PBXFileReference; lastKnownFileType = text.json.xcstrings; path = "HomeControl/Resources/Localizable.xcstrings"; sourceTree = SOURCE_ROOT; };
7DC6C5697C579BBF8E4670EA = { isa = PBXBuildFile; fileRef = 0E42C54032DCEBC73DBC48BD; };
9453D1CEC875D133460E0019 = { isa = PBXFileReference; lastKnownFileType = text; path = "HomeControl/Resources/HueRootCA.pem"; sourceTree = SOURCE_ROOT; };
5507A068CEE36D7D33827DEA = { isa = PBXBuildFile; fileRef = 9453D1CEC875D133460E0019; };
0FD9ECE1831F597DD0840D9E = { isa = PBXFileReference; lastKnownFileType = sourcecode.swift; path = "HomeControl/Stores/Persistence.swift"; sourceTree = SOURCE_ROOT; };
007B37E2E3C3D7004BBF8163 = { isa = PBXBuildFile; fileRef = 0FD9ECE1831F597DD0840D9E; };
3668ACDF607B414CB02F5262 = { isa = PBXFileReference; lastKnownFileType = sourcecode.swift; path = "HomeControl/Stores/HomeStore.swift"; sourceTree = SOURCE_ROOT; };
2CC1E9BEFF1547AF413BA201 = { isa = PBXBuildFile; fileRef = 3668ACDF607B414CB02F5262; };
52BB7582D273AD0F203C39E9 = { isa = PBXFileReference; lastKnownFileType = sourcecode.swift; path = "HomeControl/Stores/ConnectionWizard.swift"; sourceTree = SOURCE_ROOT; };
FF21BD269E405914FE074C1C = { isa = PBXBuildFile; fileRef = 52BB7582D273AD0F203C39E9; };
5BD624005A10C68FF5EA10C1 = { isa = PBXFileReference; lastKnownFileType = sourcecode.swift; path = "HomeControl/Models/DeviceModels.swift"; sourceTree = SOURCE_ROOT; };
C63D3000D53F68067F136416 = { isa = PBXBuildFile; fileRef = 5BD624005A10C68FF5EA10C1; };
82FAB44DE12995C578928EBE = { isa = PBXFileReference; lastKnownFileType = sourcecode.swift; path = "HomeControl/Views/SettingsView.swift"; sourceTree = SOURCE_ROOT; };
BD7EC6A9C39795527AB2BA93 = { isa = PBXBuildFile; fileRef = 82FAB44DE12995C578928EBE; };
2B80E001E957F1D194889837 = { isa = PBXFileReference; lastKnownFileType = sourcecode.swift; path = "HomeControl/Views/DevicePanel.swift"; sourceTree = SOURCE_ROOT; };
18C3796C32BBD22E6F3C4033 = { isa = PBXBuildFile; fileRef = 2B80E001E957F1D194889837; };
2930A9803A33D9733B4DB768 = { isa = PBXFileReference; lastKnownFileType = sourcecode.swift; path = "HomeControl/Services/BonjourDiscovery.swift"; sourceTree = SOURCE_ROOT; };
9F7B9F1D92A258236F15C113 = { isa = PBXBuildFile; fileRef = 2930A9803A33D9733B4DB768; };
108A654FEB9E0B1E0CFF65C8 = { isa = PBXFileReference; lastKnownFileType = sourcecode.swift; path = "HomeControl/Services/ClientProtocols.swift"; sourceTree = SOURCE_ROOT; };
512D03D4B279638579C9743A = { isa = PBXBuildFile; fileRef = 108A654FEB9E0B1E0CFF65C8; };
4DA0926A8FD51CB75A09A672 = { isa = PBXFileReference; lastKnownFileType = sourcecode.swift; path = "HomeControl/Services/DysonCodec.swift"; sourceTree = SOURCE_ROOT; };
299F2E2F30E9BE14807EECCB = { isa = PBXBuildFile; fileRef = 4DA0926A8FD51CB75A09A672; };
F16B74B8966AD30B1184C67B = { isa = PBXFileReference; lastKnownFileType = sourcecode.swift; path = "HomeControl/Services/DysonClient.swift"; sourceTree = SOURCE_ROOT; };
7F445D3D9FE4E994D48C24BA = { isa = PBXBuildFile; fileRef = F16B74B8966AD30B1184C67B; };
BF748F40930CFEB0B0452C63 = { isa = PBXFileReference; lastKnownFileType = sourcecode.swift; path = "HomeControl/Services/HueClient.swift"; sourceTree = SOURCE_ROOT; };
F1417399BEEB864842E5C4FB = { isa = PBXBuildFile; fileRef = BF748F40930CFEB0B0452C63; };
DB9A72171335FC248BF5322E = { isa = PBXFileReference; lastKnownFileType = sourcecode.swift; path = "HomeControl/Services/MyDysonClient.swift"; sourceTree = SOURCE_ROOT; };
4715D2561883FEF09D114762 = { isa = PBXBuildFile; fileRef = DB9A72171335FC248BF5322E; };
F1803181C532FA61D0BA2830 = { isa = PBXFileReference; lastKnownFileType = sourcecode.swift; path = "HomeControlTests/HomeControlTests.swift"; sourceTree = SOURCE_ROOT; };
4D963B1E815413B61E2D9EE9 = { isa = PBXBuildFile; fileRef = F1803181C532FA61D0BA2830; };
4E783A9E10D2A8ABA38CD11C = { isa = PBXFileReference; explicitFileType = wrapper.application; path = HomeControl.app; sourceTree = BUILT_PRODUCTS_DIR; };
6C7CCDEB3609F1FAA874E941 = { isa = PBXFileReference; explicitFileType = wrapper.cfbundle; path = HomeControlTests.xctest; sourceTree = BUILT_PRODUCTS_DIR; };
870B3294C0CBD48AF6BBCC1B = { isa = PBXGroup; children = (59EA30D499550C9C7C628483,0E42C54032DCEBC73DBC48BD,9453D1CEC875D133460E0019,0FD9ECE1831F597DD0840D9E,3668ACDF607B414CB02F5262,52BB7582D273AD0F203C39E9,5BD624005A10C68FF5EA10C1,82FAB44DE12995C578928EBE,2B80E001E957F1D194889837,2930A9803A33D9733B4DB768,108A654FEB9E0B1E0CFF65C8,4DA0926A8FD51CB75A09A672,F16B74B8966AD30B1184C67B,BF748F40930CFEB0B0452C63,DB9A72171335FC248BF5322E,F1803181C532FA61D0BA2830,FBDC4F23F93125BBEEAE800C); sourceTree = "<group>"; };
FBDC4F23F93125BBEEAE800C = { isa = PBXGroup; children = (4E783A9E10D2A8ABA38CD11C,6C7CCDEB3609F1FAA874E941); name = Products; sourceTree = "<group>"; };
949D493B91791558E87BC5D7 = { isa = PBXSourcesBuildPhase; buildActionMask = 2147483647; files = (5C7DE09C0E5A1169EDA92A74,007B37E2E3C3D7004BBF8163,2CC1E9BEFF1547AF413BA201,FF21BD269E405914FE074C1C,C63D3000D53F68067F136416,BD7EC6A9C39795527AB2BA93,18C3796C32BBD22E6F3C4033,9F7B9F1D92A258236F15C113,512D03D4B279638579C9743A,299F2E2F30E9BE14807EECCB,7F445D3D9FE4E994D48C24BA,F1417399BEEB864842E5C4FB,4715D2561883FEF09D114762); runOnlyForDeploymentPostprocessing = 0; };
77A03FEE20FE96AD9384861E = { isa = PBXSourcesBuildPhase; buildActionMask = 2147483647; files = (4D963B1E815413B61E2D9EE9); runOnlyForDeploymentPostprocessing = 0; };
8ECC8B5D05B79F879ACDF1A2 = { isa = PBXResourcesBuildPhase; buildActionMask = 2147483647; files = (7DC6C5697C579BBF8E4670EA,5507A068CEE36D7D33827DEA); runOnlyForDeploymentPostprocessing = 0; };
30D73FE00B93A7741A308510 = { isa = PBXBuildFile; productRef = 99232B817816A85B81616013; };
BD92572B49AC16A86614498D = { isa = PBXFrameworksBuildPhase; buildActionMask = 2147483647; files = (30D73FE00B93A7741A308510); runOnlyForDeploymentPostprocessing = 0; };
E05DB79C430AA1B0BA487AFC = { isa = PBXFrameworksBuildPhase; buildActionMask = 2147483647; files = (); runOnlyForDeploymentPostprocessing = 0; };
BE7E744B848D3E92F462E9F2 = { isa = XCRemoteSwiftPackageReference; repositoryURL = "https://github.com/emqx/CocoaMQTT.git"; requirement = {kind = exactVersion; version = 2.1.6;}; };
99232B817816A85B81616013 = { isa = XCSwiftPackageProductDependency; package = BE7E744B848D3E92F462E9F2; productName = CocoaMQTT; };
D799BAE6088A90139B415FCC = { isa = PBXContainerItemProxy; containerPortal = 98F54143AB4E86B28C3AFEE0; proxyType = 1; remoteGlobalIDString = 7D1043473D55BFA90E8530D3; remoteInfo = HomeControl; };
DE58E2B17C19600779694943 = { isa = PBXTargetDependency; target = 7D1043473D55BFA90E8530D3; targetProxy = D799BAE6088A90139B415FCC; };
7D1043473D55BFA90E8530D3 = { isa = PBXNativeTarget; buildConfigurationList = 4867F1BF372A84237FA0A5A7; buildPhases = (949D493B91791558E87BC5D7,BD92572B49AC16A86614498D,8ECC8B5D05B79F879ACDF1A2); buildRules = (); dependencies = (); name = HomeControl; productName = HomeControl; productReference = 4E783A9E10D2A8ABA38CD11C; productType = "com.apple.product-type.application"; packageProductDependencies = (99232B817816A85B81616013); };
04D13FD0AA6F0197CF2C9990 = { isa = PBXNativeTarget; buildConfigurationList = 52AD4600EC3994E0CD3216B8; buildPhases = (77A03FEE20FE96AD9384861E,E05DB79C430AA1B0BA487AFC); buildRules = (); dependencies = (DE58E2B17C19600779694943); name = HomeControlTests; productName = HomeControlTests; productReference = 6C7CCDEB3609F1FAA874E941; productType = "com.apple.product-type.bundle.unit-test"; };
89E1FD6268CC0F221A2BE178 = { isa = XCBuildConfiguration; name = Debug; buildSettings = {MACOSX_DEPLOYMENT_TARGET = "27.0"; SDKROOT = "macosx"; SWIFT_VERSION = "6.0"; CLANG_ENABLE_MODULES = "YES"; SWIFT_STRICT_CONCURRENCY = "complete"; SWIFT_OPTIMIZATION_LEVEL = "-Onone"; CODE_SIGN_STYLE = "Automatic"; CODE_SIGN_IDENTITY = "-"; ENABLE_TESTABILITY = "YES"; SWIFT_ACTIVE_COMPILATION_CONDITIONS = "DEBUG";}; };
E6DE6C99132752C914FEF632 = { isa = XCBuildConfiguration; name = Release; buildSettings = {MACOSX_DEPLOYMENT_TARGET = "27.0"; SDKROOT = "macosx"; SWIFT_VERSION = "6.0"; CLANG_ENABLE_MODULES = "YES"; SWIFT_STRICT_CONCURRENCY = "complete"; SWIFT_OPTIMIZATION_LEVEL = "-O"; CODE_SIGN_STYLE = "Automatic"; CODE_SIGN_IDENTITY = "-";}; };
640DC9EFD529235A8D9E2727 = { isa = XCConfigurationList; buildConfigurations = (89E1FD6268CC0F221A2BE178,E6DE6C99132752C914FEF632); defaultConfigurationIsVisible = 0; defaultConfigurationName = Release; };
E9B2E96ABC5F6856F2BE79CF = { isa = XCBuildConfiguration; name = Debug; buildSettings = {MACOSX_DEPLOYMENT_TARGET = "27.0"; SDKROOT = "macosx"; SWIFT_VERSION = "6.0"; CLANG_ENABLE_MODULES = "YES"; SWIFT_STRICT_CONCURRENCY = "complete"; SWIFT_OPTIMIZATION_LEVEL = "-Onone"; CODE_SIGN_STYLE = "Automatic"; CODE_SIGN_IDENTITY = "-"; PRODUCT_BUNDLE_IDENTIFIER = "com.homecontrol.mac"; PRODUCT_NAME = "$(TARGET_NAME)"; INFOPLIST_FILE = "HomeControl/Info.plist"; SWIFT_EMIT_LOC_STRINGS = "YES"; ENABLE_APP_SANDBOX = "NO"; LD_RUNPATH_SEARCH_PATHS = "$(inherited) @executable_path/../Frameworks"; COMBINE_HIDPI_IMAGES = "YES"; ENABLE_TESTABILITY = "YES"; SWIFT_ACTIVE_COMPILATION_CONDITIONS = "DEBUG";}; };
5A8C91857F674E16E2724F47 = { isa = XCBuildConfiguration; name = Release; buildSettings = {MACOSX_DEPLOYMENT_TARGET = "27.0"; SDKROOT = "macosx"; SWIFT_VERSION = "6.0"; CLANG_ENABLE_MODULES = "YES"; SWIFT_STRICT_CONCURRENCY = "complete"; SWIFT_OPTIMIZATION_LEVEL = "-O"; CODE_SIGN_STYLE = "Automatic"; CODE_SIGN_IDENTITY = "-"; PRODUCT_BUNDLE_IDENTIFIER = "com.homecontrol.mac"; PRODUCT_NAME = "$(TARGET_NAME)"; INFOPLIST_FILE = "HomeControl/Info.plist"; SWIFT_EMIT_LOC_STRINGS = "YES"; ENABLE_APP_SANDBOX = "NO"; LD_RUNPATH_SEARCH_PATHS = "$(inherited) @executable_path/../Frameworks"; COMBINE_HIDPI_IMAGES = "YES";}; };
4867F1BF372A84237FA0A5A7 = { isa = XCConfigurationList; buildConfigurations = (E9B2E96ABC5F6856F2BE79CF,5A8C91857F674E16E2724F47); defaultConfigurationIsVisible = 0; defaultConfigurationName = Release; };
0F3D67935A4F199E058A017A = { isa = XCBuildConfiguration; name = Debug; buildSettings = {MACOSX_DEPLOYMENT_TARGET = "27.0"; SDKROOT = "macosx"; SWIFT_VERSION = "6.0"; CLANG_ENABLE_MODULES = "YES"; SWIFT_STRICT_CONCURRENCY = "complete"; SWIFT_OPTIMIZATION_LEVEL = "-Onone"; CODE_SIGN_STYLE = "Automatic"; CODE_SIGN_IDENTITY = "-"; PRODUCT_BUNDLE_IDENTIFIER = "com.homecontrol.mac.tests"; PRODUCT_NAME = "$(TARGET_NAME)"; GENERATE_INFOPLIST_FILE = "YES"; TEST_HOST = "$(BUILT_PRODUCTS_DIR)/HomeControl.app/Contents/MacOS/HomeControl"; BUNDLE_LOADER = "$(TEST_HOST)"; LD_RUNPATH_SEARCH_PATHS = "$(inherited) @loader_path/../Frameworks @executable_path/../Frameworks"; ENABLE_TESTABILITY = "YES"; SWIFT_ACTIVE_COMPILATION_CONDITIONS = "DEBUG";}; };
20B70E15FDC36C625E57F658 = { isa = XCBuildConfiguration; name = Release; buildSettings = {MACOSX_DEPLOYMENT_TARGET = "27.0"; SDKROOT = "macosx"; SWIFT_VERSION = "6.0"; CLANG_ENABLE_MODULES = "YES"; SWIFT_STRICT_CONCURRENCY = "complete"; SWIFT_OPTIMIZATION_LEVEL = "-O"; CODE_SIGN_STYLE = "Automatic"; CODE_SIGN_IDENTITY = "-"; PRODUCT_BUNDLE_IDENTIFIER = "com.homecontrol.mac.tests"; PRODUCT_NAME = "$(TARGET_NAME)"; GENERATE_INFOPLIST_FILE = "YES"; TEST_HOST = "$(BUILT_PRODUCTS_DIR)/HomeControl.app/Contents/MacOS/HomeControl"; BUNDLE_LOADER = "$(TEST_HOST)"; LD_RUNPATH_SEARCH_PATHS = "$(inherited) @loader_path/../Frameworks @executable_path/../Frameworks";}; };
52AD4600EC3994E0CD3216B8 = { isa = XCConfigurationList; buildConfigurations = (0F3D67935A4F199E058A017A,20B70E15FDC36C625E57F658); defaultConfigurationIsVisible = 0; defaultConfigurationName = Release; };
98F54143AB4E86B28C3AFEE0 = { isa = PBXProject; attributes = { LastUpgradeCheck = 2700; }; buildConfigurationList = 640DC9EFD529235A8D9E2727; compatibilityVersion = "Xcode 15.0"; developmentRegion = en; hasScannedForEncodings = 0; knownRegions = (en, Base); mainGroup = 870B3294C0CBD48AF6BBCC1B; productRefGroup = FBDC4F23F93125BBEEAE800C; projectDirPath = ""; projectRoot = ""; targets = (7D1043473D55BFA90E8530D3,04D13FD0AA6F0197CF2C9990); packageReferences = (BE7E744B848D3E92F462E9F2); };
}; rootObject = 98F54143AB4E86B28C3AFEE0; }
